
Microsoft Visual Studio Solution File, Format Version 12.00
# Visual Studio Version 16
VisualStudioVersion = 16.0.32106.194
MinimumVisualStudioVersion = 10.0.40219.1
Project("{FAE04EC0-301F-11D3-BF4B-00C04F79EFBC}") = "coba web api lagi", "coba web api lagi.csproj", "{141EEC6E-703B-4995-9465-84060C2CDEB3}"
EndProject
Global
	GlobalSection(SolutionConfigurationPlatforms) = preSolution
		Debug|Any CPU = Debug|Any CPU
		Release|Any CPU = Release|Any CPU
	EndGlobalSection
	GlobalSection(ProjectConfigurationPlatforms) = postSolution
		{141EEC6E-703B-4995-9465-84060C2CDEB3}.Debug|Any CPU.ActiveCfg = Debug|Any CPU
		{141EEC6E-703B-4995-9465-84060C2CDEB3}.Debug|Any CPU.Build.0 = Debug|Any CPU
		{141EEC6E-703B-4995-9465-84060C2CDEB3}.Release|Any CPU.ActiveCfg = Release|Any CPU
		{141EEC6E-703B-4995-9465-84060C2CDEB3}.Release|Any CPU.Build.0 = Release|Any CPU
	EndGlobalSection
	GlobalSection(SolutionProperties) = preSolution
		HideSolutionNode = FALSE
	EndGlobalSection
	GlobalSection(ExtensibilityGlobals) = postSolution
		SolutionGuid = {7BF05FDE-D9FD-4F47-821E-94AA6A8B01A9}
	EndGlobalSection
EndGlobal
