
Microsoft Visual Studio Solution File, Format Version 12.00
# Visual Studio Version 16
VisualStudioVersion = 16.0.32106.194
MinimumVisualStudioVersion = 10.0.40219.1
Project("{FAE04EC0-301F-11D3-BF4B-00C04F79EFBC}") = "simple_upload_image_edmx", "simple_upload_image_edmx.csproj", "{0ABED1E0-26DA-45A1-9D51-7C54DAA5D1BA}"
EndProject
Global
	GlobalSection(SolutionConfigurationPlatforms) = preSolution
		Debug|Any CPU = Debug|Any CPU
		Release|Any CPU = Release|Any CPU
	EndGlobalSection
	GlobalSection(ProjectConfigurationPlatforms) = postSolution
		{0ABED1E0-26DA-45A1-9D51-7C54DAA5D1BA}.Debug|Any CPU.ActiveCfg = Debug|Any CPU
		{0ABED1E0-26DA-45A1-9D51-7C54DAA5D1BA}.Debug|Any CPU.Build.0 = Debug|Any CPU
		{0ABED1E0-26DA-45A1-9D51-7C54DAA5D1BA}.Release|Any CPU.ActiveCfg = Release|Any CPU
		{0ABED1E0-26DA-45A1-9D51-7C54DAA5D1BA}.Release|Any CPU.Build.0 = Release|Any CPU
	EndGlobalSection
	GlobalSection(SolutionProperties) = preSolution
		HideSolutionNode = FALSE
	EndGlobalSection
	GlobalSection(ExtensibilityGlobals) = postSolution
		SolutionGuid = {F5969D43-E8BF-448D-95AD-BDE3A88CBF44}
	EndGlobalSection
EndGlobal
